{
    "name": "ifcd0210_2024",
    "version": "1.0.0",
    "lockfileVersion": 3,
    "requires": true,
    "packages": {
        "": {
            "name": "ifcd0210_2024",
            "version": "1.0.0",
            "license": "ISC",
            "dependencies": {
                "ifcd0210_2024": "file:"
            }
        },
        "node_modules/ifcd0210_2024": {
            "resolved": "",
            "link": true
        }
    }
}
